
Microsoft Visual Studio Solution File, Format Version 12.00
# Visual Studio 14
VisualStudioVersion = 14.0.25420.1
MinimumVisualStudioVersion = 10.0.40219.1
Project("{FAE04EC0-301F-11D3-BF4B-00C04F79EFBC}") = "IzendaCMS.Classes", "IzendaCMS.Classes\IzendaCMS.Classes.csproj", "{992D57D8-EEC3-4CA3-B53E-0BFB3B4C2BC7}"
EndProject
Project("{FAE04EC0-301F-11D3-BF4B-00C04F79EFBC}") = "IzendaCMS.DataModel", "IzendaCMS.DataModel\IzendaCMS.DataModel.csproj", "{7D07439D-E942-4D01-959C-3029E41CCD03}"
EndProject
Project("{FAE04EC0-301F-11D3-BF4B-00C04F79EFBC}") = "IzendaCMS.ConsoleApp", "IzendaCMS.Console\IzendaCMS.ConsoleApp.csproj", "{30946836-0031-4EB0-8FF8-2F858B7BABD1}"
EndProject
Global
	GlobalSection(SolutionConfigurationPlatforms) = preSolution
		Debug|Any CPU = Debug|Any CPU
		Release|Any CPU = Release|Any CPU
	EndGlobalSection
	GlobalSection(ProjectConfigurationPlatforms) = postSolution
		{992D57D8-EEC3-4CA3-B53E-0BFB3B4C2BC7}.Debug|Any CPU.ActiveCfg = Debug|Any CPU
		{992D57D8-EEC3-4CA3-B53E-0BFB3B4C2BC7}.Debug|Any CPU.Build.0 = Debug|Any CPU
		{992D57D8-EEC3-4CA3-B53E-0BFB3B4C2BC7}.Release|Any CPU.ActiveCfg = Release|Any CPU
		{992D57D8-EEC3-4CA3-B53E-0BFB3B4C2BC7}.Release|Any CPU.Build.0 = Release|Any CPU
		{7D07439D-E942-4D01-959C-3029E41CCD03}.Debug|Any CPU.ActiveCfg = Debug|Any CPU
		{7D07439D-E942-4D01-959C-3029E41CCD03}.Debug|Any CPU.Build.0 = Debug|Any CPU
		{7D07439D-E942-4D01-959C-3029E41CCD03}.Release|Any CPU.ActiveCfg = Release|Any CPU
		{7D07439D-E942-4D01-959C-3029E41CCD03}.Release|Any CPU.Build.0 = Release|Any CPU
		{30946836-0031-4EB0-8FF8-2F858B7BABD1}.Debug|Any CPU.ActiveCfg = Debug|Any CPU
		{30946836-0031-4EB0-8FF8-2F858B7BABD1}.Debug|Any CPU.Build.0 = Debug|Any CPU
		{30946836-0031-4EB0-8FF8-2F858B7BABD1}.Release|Any CPU.ActiveCfg = Release|Any CPU
		{30946836-0031-4EB0-8FF8-2F858B7BABD1}.Release|Any CPU.Build.0 = Release|Any CPU
	EndGlobalSection
	GlobalSection(SolutionProperties) = preSolution
		HideSolutionNode = FALSE
	EndGlobalSection
EndGlobal
